
Microsoft Visual Studio Solution File, Format Version 12.00
# Visual Studio 2017
Project("{FAE04EC0-301F-11D3-BF4B-00C04F79EFBC}") = "TheVillage", "TheVillage.csproj", "{935C1A0B-CC76-A759-4BCB-C26BA0328867}"
EndProject
Project("{FAE04EC0-301F-11D3-BF4B-00C04F79EFBC}") = "TheVillage.Editor", "TheVillage.Editor.csproj", "{2E6005EF-F193-A594-2C06-B2CA36A92463}"
EndProject
Global
	GlobalSection(SolutionConfigurationPlatforms) = preSolution
		Debug|Any CPU = Debug|Any CPU
		Release|Any CPU = Release|Any CPU
	EndGlobalSection
	GlobalSection(ProjectConfigurationPlatforms) = postSolution
		{935C1A0B-CC76-A759-4BCB-C26BA0328867}.Debug|Any CPU.ActiveCfg = Debug|Any CPU
		{935C1A0B-CC76-A759-4BCB-C26BA0328867}.Debug|Any CPU.Build.0 = Debug|Any CPU
		{935C1A0B-CC76-A759-4BCB-C26BA0328867}.Release|Any CPU.ActiveCfg = Release|Any CPU
		{935C1A0B-CC76-A759-4BCB-C26BA0328867}.Release|Any CPU.Build.0 = Release|Any CPU
		{2E6005EF-F193-A594-2C06-B2CA36A92463}.Debug|Any CPU.ActiveCfg = Debug|Any CPU
		{2E6005EF-F193-A594-2C06-B2CA36A92463}.Debug|Any CPU.Build.0 = Debug|Any CPU
		{2E6005EF-F193-A594-2C06-B2CA36A92463}.Release|Any CPU.ActiveCfg = Release|Any CPU
		{2E6005EF-F193-A594-2C06-B2CA36A92463}.Release|Any CPU.Build.0 = Release|Any CPU
	EndGlobalSection
	GlobalSection(SolutionProperties) = preSolution
		HideSolutionNode = FALSE
	EndGlobalSection
EndGlobal
